
Microsoft Visual Studio Solution File, Format Version 12.00
# Visual Studio Version 17
VisualStudioVersion = 17.7.34009.444
MinimumVisualStudioVersion = 10.0.40219.1
Project("{FAE04EC0-301F-11D3-BF4B-00C04F79EFBC}") = "projectt", "projectt.csproj", "{4ACB5177-BF55-40C7-9C56-3A9ABFB63A61}"
EndProject
Global
	GlobalSection(SolutionConfigurationPlatforms) = preSolution
		Debug|Any CPU = Debug|Any CPU
		Release|Any CPU = Release|Any CPU
	EndGlobalSection
	GlobalSection(ProjectConfigurationPlatforms) = postSolution
		{4ACB5177-BF55-40C7-9C56-3A9ABFB63A61}.Debug|Any CPU.ActiveCfg = Debug|Any CPU
		{4ACB5177-BF55-40C7-9C56-3A9ABFB63A61}.Debug|Any CPU.Build.0 = Debug|Any CPU
		{4ACB5177-BF55-40C7-9C56-3A9ABFB63A61}.Release|Any CPU.ActiveCfg = Release|Any CPU
		{4ACB5177-BF55-40C7-9C56-3A9ABFB63A61}.Release|Any CPU.Build.0 = Release|Any CPU
	EndGlobalSection
	GlobalSection(SolutionProperties) = preSolution
		HideSolutionNode = FALSE
	EndGlobalSection
	GlobalSection(ExtensibilityGlobals) = postSolution
		SolutionGuid = {774A6722-4607-4996-AD6F-737E42B757F4}
	EndGlobalSection
EndGlobal
